
Microsoft Visual Studio Solution File, Format Version 12.00
# Visual Studio Version 17
VisualStudioVersion = 17.7.34031.279
MinimumVisualStudioVersion = 10.0.40219.1
Project("{FAE04EC0-301F-11D3-BF4B-00C04F79EFBC}") = "UserRegistrationValidation", "UserRegistrationValidation.csproj", "{D980E322-30D4-4C31-A91D-F19D5DA09EEC}"
EndProject
Global
	GlobalSection(SolutionConfigurationPlatforms) = preSolution
		Debug|Any CPU = Debug|Any CPU
		Release|Any CPU = Release|Any CPU
	EndGlobalSection
	GlobalSection(ProjectConfigurationPlatforms) = postSolution
		{D980E322-30D4-4C31-A91D-F19D5DA09EEC}.Debug|Any CPU.ActiveCfg = Debug|Any CPU
		{D980E322-30D4-4C31-A91D-F19D5DA09EEC}.Debug|Any CPU.Build.0 = Debug|Any CPU
		{D980E322-30D4-4C31-A91D-F19D5DA09EEC}.Release|Any CPU.ActiveCfg = Release|Any CPU
		{D980E322-30D4-4C31-A91D-F19D5DA09EEC}.Release|Any CPU.Build.0 = Release|Any CPU
	EndGlobalSection
	GlobalSection(SolutionProperties) = preSolution
		HideSolutionNode = FALSE
	EndGlobalSection
	GlobalSection(ExtensibilityGlobals) = postSolution
		SolutionGuid = {FA23BE4C-DA97-41E5-AEFD-9581088683CF}
	EndGlobalSection
EndGlobal
